
Microsoft Visual Studio Solution File, Format Version 12.00
# Visual Studio Version 16
VisualStudioVersion = 16.0.30011.22
MinimumVisualStudioVersion = 10.0.40219.1
Project("{FAE04EC0-301F-11D3-BF4B-00C04F79EFBC}") = "simulator", "simulator\simulator.csproj", "{195EC3E0-F440-4B49-AA2B-5747AD340612}"
EndProject
Global
	GlobalSection(SolutionConfigurationPlatforms) = preSolution
		Debug|Any CPU = Debug|Any CPU
		Release|Any CPU = Release|Any CPU
	EndGlobalSection
	GlobalSection(ProjectConfigurationPlatforms) = postSolution
		{195EC3E0-F440-4B49-AA2B-5747AD340612}.Debug|Any CPU.ActiveCfg = Debug|Any CPU
		{195EC3E0-F440-4B49-AA2B-5747AD340612}.Debug|Any CPU.Build.0 = Debug|Any CPU
		{195EC3E0-F440-4B49-AA2B-5747AD340612}.Release|Any CPU.ActiveCfg = Release|Any CPU
		{195EC3E0-F440-4B49-AA2B-5747AD340612}.Release|Any CPU.Build.0 = Release|Any CPU
	EndGlobalSection
	GlobalSection(SolutionProperties) = preSolution
		HideSolutionNode = FALSE
	EndGlobalSection
	GlobalSection(ExtensibilityGlobals) = postSolution
		SolutionGuid = {C7C85A6E-734F-432B-9A03-C133A8746EB4}
	EndGlobalSection
EndGlobal
